dependencies:
- name: postgresql
  repository: https://charts.bitnami.com/bitnami
  version: 16.6.5
- name: mysql
  repository: https://charts.bitnami.com/bitnami
  version: 12.3.4
digest: sha256:1b72de10ddd6625e94abbf2162e7aff5c8092de99bf19275d5a08c6e8faf4bba
generated: "2025-04-25T02:46:37.382201888Z"
